lockfileVersion: '9.0'

settings:
  autoInstallPeers: true
  excludeLinksFromLockfile: false

importers:
  .:
    dependencies:
      '@auth/prisma-adapter': 2.9.0(@prisma/client@6.7.0)
      '@hookform/resolvers': 3.10.0(react-hook-form@7.55.0)
      '@prisma/client': 6.7.0(prisma@6.7.0)
      '@radix-ui/react-accordion': 1.2.4(@types/react-dom@19.1.1)(@types/react@19.1.0)(react-dom@18.3.1)(react@18.3.1)
      '@radix-ui/react-alert-dialog': 1.1.7(@types/react-dom@19.1.1)(@types/react@19.1.0)(react-dom@18.3.1)(react@18.3.1)
      '@radix-ui/react-aspect-ratio': 1.1.3(@types/react-dom@19.1.1)(@types/react@19.1.0)(react-dom@18.3.1)(react@18.3.1)
      '@radix-ui/react-avatar': 1.1.4(@types/react-dom@19.1.1)(@types/react@19.1.0)(react-dom@18.3.1)(react@18.3.1)
      '@radix-ui/react-checkbox': 1.1.5(@types/react-dom@19.1.1)(@types/react@19.1.0)(react-dom@18.3.1)(react@18.3.1)
      '@radix-ui/react-collapsible': 1.1.4(@types/react-dom@19.1.1)(@types/react@19.1.0)(react-dom@18.3.1)(react@18.3.1)
      '@radix-ui/react-context-menu': 2.2.7(@types/react-dom@19.1.1)(@types/react@19.1.0)(react-dom@18.3.1)(react@18.3.1)
      '@radix-ui/react-dialog': 1.1.7(@types/react-dom@19.1.1)(@types/react@19.1.0)(react-dom@18.3.1)(react@18.3.1)
      '@radix-ui/react-dropdown-menu': 2.1.7(@types/react-dom@19.1.1)(@types/react@19.1.0)(react-dom@18.3.1)(react@18.3.1)
      '@radix-ui/react-hover-card': 1.1.7(@types/react-dom@19.1.1)(@types/react@19.1.0)(react-dom@18.3.1)(react@18.3.1)
      '@radix-ui/react-label': 2.1.3(@types/react-dom@19.1.1)(@types/react@19.1.0)(react-dom@18.3.1)(react@18.3.1)
      '@radix-ui/react-menubar': 1.1.7(@types/react-dom@19.1.1)(@types/react@19.1.0)(react-dom@18.3.1)(react@18.3.1)
      '@radix-ui/react-navigation-menu': 1.2.6(@types/react-dom@19.1.1)(@types/react@19.1.0)(react-dom@18.3.1)(react@18.3.1)
      '@radix-ui/react-popover': 1.1.7(@types/react-dom@19.1.1)(@types/react@19.1.0)(react-dom@18.3.1)(react@18.3.1)
      '@radix-ui/react-progress': 1.1.3(@types/react-dom@19.1.1)(@types/react@19.1.0)(react-dom@18.3.1)(react@18.3.1)
      '@radix-ui/react-radio-group': 1.2.4(@types/react-dom@19.1.1)(@types/react@19.1.0)(react-dom@18.3.1)(react@18.3.1)
      '@radix-ui/react-scroll-area': 1.2.4(@types/react-dom@19.1.1)(@types/react@19.1.0)(react-dom@18.3.1)(react@18.3.1)
      '@radix-ui/react-select': 2.1.7(@types/react-dom@19.1.1)(@types/react@19.1.0)(react-dom@18.3.1)(react@18.3.1)
      '@radix-ui/react-separator': 1.1.3(@types/react-dom@19.1.1)(@types/react@19.1.0)(react-dom@18.3.1)(react@18.3.1)
      '@radix-ui/react-slider': 1.2.4(@types/react-dom@19.1.1)(@types/react@19.1.0)(react-dom@18.3.1)(react@18.3.1)
      '@radix-ui/react-slot': 1.2.0(@types/react@19.1.0)(react@18.3.1)
      '@radix-ui/react-switch': 1.1.4(@types/react-dom@19.1.1)(@types/react@19.1.0)(react-dom@18.3.1)(react@18.3.1)
      '@radix-ui/react-tabs': 1.1.4(@types/react-dom@19.1.1)(@types/react@19.1.0)(react-dom@18.3.1)(react@18.3.1)
      '@radix-ui/react-toast': 1.2.7(@types/react-dom@19.1.1)(@types/react@19.1.0)(react-dom@18.3.1)(react@18.3.1)
      '@radix-ui/react-toggle': 1.1.3(@types/react-dom@19.1.1)(@types/react@19.1.0)(react-dom@18.3.1)(react@18.3.1)
      '@radix-ui/react-toggle-group': 1.1.3(@types/react-dom@19.1.1)(@types/react@19.1.0)(react-dom@18.3.1)(react@18.3.1)
      '@radix-ui/react-tooltip': 1.2.0(@types/react-dom@19.1.1)(@types/react@19.1.0)(react-dom@18.3.1)(react@18.3.1)
      caniuse-lite: 1.0.30001712
      class-variance-authority: 0.7.1
      clsx: 2.1.1
      cmdk: 1.0.0(@types/react-dom@19.1.1)(@types/react@19.1.0)(react-dom@18.3.1)(react@18.3.1)
      date-fns: 3.6.0
      embla-carousel-react: 8.6.0(react@18.3.1)
      input-otp: 1.4.2(@types/react-dom@19.1.1)(@types/react@19.1.0)(react-dom@18.3.1)(react@18.3.1)
      lucide-react: 0.364.0(react@18.3.1)
      next: 15.1.4(react-dom@18.3.1)(react@18.3.1)
      next-auth: 4.24.11(next@15.1.4)(react-dom@18.3.1)(react@18.3.1)
      next-themes: 0.4.6(react-dom@18.3.1)(react@18.3.1)
      nodemailer: 7.0.3
      openai: 4.96.2
      pg: 8.15.6
      prisma: 6.7.0
      react: 18.3.1
      react-day-picker: 8.10.1(date-fns@3.6.0)(react@18.3.1)
      react-dom: 18.3.1(react@18.3.1)
      react-hook-form: 7.55.0(react@18.3.1)
      react-resizable-panels: 2.1.7(react-dom@18.3.1)(react@18.3.1)
      recharts: 2.15.2(react-dom@18.3.1)(react@18.3.1)
      sonner: 1.7.4(react-dom@18.3.1)(react@18.3.1)
      tailwind-merge: 2.6.0
      tailwindcss-animate: 1.0.7(tailwindcss@3.4.17)
      vaul: 1.1.2(@types/react-dom@19.1.1)(@types/react@19.1.0)(react-dom@18.3.1)(react@18.3.1)
      zod: 3.24.2
    devDependencies:
      '@cloudflare/workers-types': 4.20250409.0
      '@eslint/eslintrc': 3.3.1
      '@opennextjs/cloudflare': 0.3.10(react@18.3.1)(typescript@5.8.3)(wrangler@3.114.4)
      '@types/node': 20.17.30
      '@types/react': 19.1.0
      '@types/react-dom': 19.1.1
      eslint: 9.24.0
      eslint-config-next: 15.1.4(eslint@9.24.0)(typescript@5.8.3)
      postcss: 8.5.3
      tailwindcss: 3.4.17
      ts-node: 10.9.2(@types/node@20.17.30)(typescript@5.8.3)
      turbo: 2.5.0
      typescript: 5.8.3
      wrangler: 3.114.4

packages:
  '@alloc/quick-lru@5.2.0':
    resolution: {integrity: sha512-UrcABB+4bUrFABwbluTIBErXwvbsU/V7TZWfmbgJfbkwiBuziS9gxdODUyuiecfdGQ85jglMW6juS3+z5TsKLw==, tarball: "https://registry.npmjs.org/@alloc/quick-lru/-/quick-lru-5.2.0.tgz"}
    engines: {node: '>=10'}
  '@ampproject/remapping@2.3.0':
    resolution: {integrity: sha512-30iZtAPgz+LTIYoeivqYo853f02jBYSd5uGnGpkFV0M3xOt9aN73erkgYAmZU43x4VfqcnLxW9Kpg3R5LC4YYg==, tarball: "https://registry.npmjs.org/@ampproject/remapping/-/remapping-2.3.0.tgz"}
    engines: {node: '>=6.0.0'}
  '@auth/core@0.35.4':
    resolution: {integrity: sha512-4bueSwRR0EpPBL8v+ooa5G2Xw4WwsAGioIRBkeVCSwXRNm3gqM6sdjPo/WtfKbtKms9UFhn2K5s0s6KzP4dHg==, tarball: "https://registry.npmjs.org/@auth/core/-/core-0.35.4.tgz"}
    peerDependencies:
      '@simplewebauthn/browser': ^9.0.1
      '@simplewebauthn/server': ^9.0.2
      nodemailer: ^6.9.13 || ^7.0.0
    peerDependenciesMeta:
      '@simplewebauthn/browser':
        optional: true
      '@simplewebauthn/server':
        optional: true
      nodemailer:
        optional: true
  '@auth/prisma-adapter@2.9.0':
    resolution: {integrity: sha512-l1WCa2oK7j0v1gB1lUhI7gDfCy7bd6FzT5TGrh6ySkrW7e3gR2PhvI2lb1dT/4u4WueCl140H5CghIzTE2TkyHI9hshMJjzsLDbwA1VA72Yc/7Ts1K7G8XO1CaQ+S6x4+qL9jE2G4X2J8g+w9eL7B4Q/5GXYZqdtFQ2nWMkQw==, tarball: "https://registry.npmjs.org/@auth/prisma-adapter/-/prisma-adapter-2.9.0.tgz"}
    peerDependencies:
      '@prisma/client': '>=5.17.0'
  '@babel/code-frame@7.26.5':
    resolution: {integrity: sha512-7LIFqSoZp1sk1v66x3LBy2kNrNEMkwplR3X2eH4p+2uC6fV0p4v3tkdkf7SSh0fX/eAO4+6Ot2A/zxf3tYcLyA==, tarball: "https://registry.npmjs.org/@babel/code-frame/-/code-frame-7.26.5.tgz"}
    engines: {node: '>=6.9.0'}
  '@babel/compat-data@7.26.7':
    resolution: {integrity: sha512-8l3eCNVBnKYGOP2RQw5o4tdtX6n0z9UnbsgVt3oF2/IVpSWqG5+4hQePAF3j5v2cDm4IJ1FAkYw+rjKP7QtgYQ8M6P7C8ji54LymXv04Sg8kBXQ==, tarball: "https://registry.npmjs.org/@babel/compat-data/-/compat-data-7.26.7.tgz"}
    engines: {node: '>=6.9.0'}
  '@babel/core@7.26.7':
    resolution: {integrity: sha512-CaSfftyh1H HjNvg6vGrK4lL5dW90xVkJ7H2WFkLCuKJHAeLycAuTjTjH5fJBS3YbT2m5pm7N34714mRqbWj5g==, tarball: "https://registry.npmjs.org/@babel/core/-/core-7.26.7.tgz"}
    engines: {node: '>=6.9.0'}
  '@babel/generator@7.26.7':
    resolution: {integrity: sha512-4NqG+4gYmu2E/2r2TaJzgM7xT1b6t+3Qv7k2pXeT8Q1p3+kW/8uS6sG2vDhQbH+O+9MBn7hZ+ZzT3Zk5e8bLA==, tarball: "https://registry.npmjs.org/@babel/generator/-/generator-7.26.7.tgz"}
    engines: {node: '>=6.9.0'}
  '@babel/helper-compilation-targets@7.26.7':
    resolution: {integrity: sha512-2u7uLqS3I5Tq9YfPY8g1A+4qhXevD8H0dY7L8hVXlSdrmRPNqXW8p2VJq6uCXW5a5R+40MKeZ7+J0/ezl3rQw==, tarball: "https://registry.npmjs.org/@babel/helper-compilation-targets/-/helper-compilation-targets-7.26.7.tgz"}
    engines: {node: '>=6.9.0'}
  '@babel/helper-environment-visitor@7.26.7':
    resolution: {integrity: sha512-DoiCmPynmfeMkDarReuQo2JxsS7C/juPjf/OkH6/QZcY3V2jptnlS4ik2p0n+YcsP+r/1sypr9F+v9F0T3Xw==, tarball: "https://registry.npmjs.org/@babel/helper-environment-visitor/-/helper-environment-visitor-7.26.7.tgz"}
    engines: {node: '>=6.9.0'}
  '@babel/helper-function-name@7.26.7':
    resolution: {integrity: sha512-4MhH39o4h2o+4Ymu2E/2q+2TaJzgM7xT1n9kQcOh5jRjAZFmYFFKrmg3SyAjSrElf0TiJ1v8fQ==, tarball: "https://registry.npmjs.org/@babel/helper-function-name/-/helper-function-name-7.26.7.tgz"}
    engines: {node: '>=6.9.0'}
  '@babel/helper-hoist-variables@7.26.7':
    resolution: {integrity: sha512-0DqT7t1dS7Mo5QtWmwjgaMy4m2tU+jN7D9rECiL6/AywUpMGsM0LGRCMgW7VsX20HPhiM/sKBhKdQ+uoHdqw==, tarball: "https://registry.npmjs.org/@babel/helper-hoist-variables/-/helper-hoist-variables-7.26.7.tgz"}
    engines: {node: '>=6.9.0'}
  '@babel/helper-module-imports@7.26.7':
    resolution: {integrity: sha512-5iDJWs2lKh5FAk7j3B0Z6kKavEmvgLPwovT3GZPqH5Tvh6KRddD2XWK+9K2Nrj10m65QKzWdrHF9RQ4rhQdg==, tarball: "https://registry.npmjs.org/@babel/helper-module-imports/-/helper-module-imports-7.26.7.tgz"}
    engines: {node: '>=6.9.0'}
  '@babel/helper-module-transforms@7.26.7':
    resolution: {integrity: sha512-5iDJWs2lKh5FAk7j3B0Z6kKavEmvgLPwovT3GZPqH5Tvh6KRddD2XWK+9K2Nrj10m65QKzWdrHF9RQ4rhQdg==, tarball: "https://registry.npmjs.org/@babel/helper-module-transforms/-/helper-module-transforms-7.26.7.tgz"}
    engines: {node: '>=6.9.0'}
    peerDependencies:
      '@babel/core': ^7.0.0
  '@babel/helper-plugin-utils@7.26.7':
    resolution: {integrity: sha512-Ml7JAYc4D2QspW5o4tdtX6n0z9UnbsgVt3oF2/IVpSWqG5+4hQePAF3j5v2cDm4IJ1FAkYw+rjKP7QtgYQ8Sg==, tarball: "https://registry.npmjs.org/@babel/helper-plugin-utils/-/helper-plugin-utils-7.26.7.tgz"}
    engines: {node: '>=6.9.0'}
  '@babel/helper-simple-access@7.26.7':
    resolution: {integrity: sha512-bW8c6rD79F5eU8lLofweNJoWgdSDt0Eof7GkhQCecuRRSbP32A4pDJBoFrkfncAca1R4d78Vavd0mpFPedqw==, tarball: "https://registry.npmjs.org/@babel/helper-simple-access/-/helper-simple-access-7.26.7.tgz"}
    engines: {node: '>=6.9.0'}
  '@babel/helper-skip-transparent-expression-wrappers@7.26.7':
    resolution: {integrity: sha512-4eR6nhfo3x/yoP7bkgyt5ua2/mQpq4gH2RkslRi1T4AjXnkBjUd/2q+MQBwd/tPJ3S0vQfMNsVlgM7V7g2gQ==, tarball: "https://registry.npmjs.org/@babel/helper-skip-transparent-expression-wrappers/-/helper-skip-transparent-expression-wrappers-7.26.7.tgz"}
    engines: {node: '>=6.9.0'}
  '@babel/helper-split-export-declaration@7.26.7':
    resolution: {integrity: sha512-D1q6ugwCif3iUq9LS2wsX/4EWq9gno3k2NV3W7ufaf3mRhW2ha2wPr4/GzqM7C8jR/8ji54LymXv04Sg8kBXQ==, tarball: "https://registry.npmjs.org/@babel/helper-split-export-declaration/-/helper-split-export-declaration-7.26.7.tgz"}
    engines: {node: '>=6.9.0'}
  '@babel/helper-string-parser@7.26.7':
    resolution: {integrity: sha512-9UYRm6OqQrCqQdGxx+0toROjml6pSAbdqUYhM0p/L2k/Utsn5r89Uwybe3e/HH1FSj5hQ5P+svBhQriCZWAQ==, tarball: "https://registry.npmjs.org/@babel/helper-string-parser/-/helper-string-parser-7.26.7.tgz"}
    engines: {node: '>=6.9.0'}
  '@babel/helper-validator-identifier@7.26.7':
    resolution: {integrity: sha512-1ZiyUKVvW4G2gBy27RuBaV5T/p4y2MbtsGNu2nAlPrdH5p+wF8sLu2tN69sli8jyyL+0vKc5PcArM0kpb5Pkg==, tarball: "https://registry.npmjs.org/@babel/helper-validator-identifier/-/helper-validator-identifier-7.26.7.tgz"}
    engines: {node: '>=6.9.0'}
  '@babel/helper-validator-option@7.26.7':
    resolution: {integrity: sha512-VCcpEU0b/i1z9poav5vWvTSAHtGHDfbqR2PhvI2lb1dT/4u4WueCl140H5CghIzTE2TkyHI9hshMJjzsLDbwA==, tarball: "https://registry.npmjs.org/@babel/helper-validator-option/-/helper-validator-option-7.26.7.tgz"}
    engines: {node: '>=6.9.0'}
  '@babel/helpers@7.26.7':
    resolution: {integrity: sha512-4HLPz7wcaenpClClT/2Vxfy2+rtMJ1Ud3LuQxlhptggtFHhR5RLO9p1KEP7K8XO1CaQ+S6x4+qL9jE2G4X2J8g==, tarball: "https://registry.npmjs.org/@babel/helpers/-/helpers-7.26.7.tgz"}
    engines: {node: '>=6.9.0'}
  '@babel/highlight@7.26.7':
    resolution: {integrity: sha512-aNpDJde6kXhpeqrzgsy2d5j2l6oC2v9f2FlzOx2qSpy3rdZJfPbe+sdQhLPXegmj5U5cL4N7HidPtuo5CqSrA==, tarball: "https://registry.npmjs.org/@babel/highlight/-/highlight-7.26.7.tgz"}
    engines: {node: '>=6.9.0'}
  '@babel/parser@7.26.7':
    resolution: {integrity: sha512-9UqUYRm6OqQrCqQdGxx+0toROjml6pSAbdqUYhM0p/L2k/Utsn5r89Uwybe3e/HH1FSj5hQ5P+svBhQriCZWAQ==, tarball: "https://registry.npmjs.org/@babel/parser/-/parser-7.26.7.tgz"}
    engines: {node: '>=6.0.0'}
  '@babel/plugin-syntax-jsx@7.26.7':
    resolution: {integrity: sha512-7v7SoLLB9cL4wbAMlighDHAVSn4bu9m1IWV93hRvuTKCQCoh5jRjAZzh5MhtT6zT3/4aRwoqW0Pf2og4Z4ggw==, tarball: "https://registry.npmjs.org/@babel/plugin-syntax-jsx/-/plugin-syntax-jsx-7.26.7.tgz"}
    engines: {node: '>=6.9.0'}
    peerDependencies:
      '@babel/core': ^7.0.0-0
  '@babel/plugin-syntax-typescript@7.26.7':
    resolution: {integrity: sha512-ro1sS2l4Q7L4gAZ4vRhW7v2f2F2JxaA7m+1VcJntwQ8Cn1bXbQ5R2sQdtY6oW2u5plL8Z9zOGeV5lP2H1qB9Q==, tarball: "https://registry.npmjs.org/@babel/plugin-syntax-typescript/-/plugin-syntax-typescript-7.26.7.tgz"}
    engines: {node: '>=6.9.0'}
    peerDependencies:
      '@babel/core': ^7.0.0-0
  '@babel/plugin-transform-react-jsx-development@7.26.7':
    resolution: {integrity: sha512-pRIdL8pIG8bJmgSrJjjg4A+4qiATiFgXz6wIEdyI5Nj4I6kUGOyoT6DJ83Ze6sLrsX0kh0mPfP6QwDxIa0dXg==, tarball: "https://registry.npmjs.org/@babel/plugin-transform-react-jsx-development/-/plugin-transform-react-jsx-development-7.26.7.tgz"}
    engines: {node: '>=6.9.0'}
    peerDependencies:
      '@babel/core': ^7.0.0-0
  '@babel/plugin-transform-react-jsx@7.26.7':
    resolution: {integrity: sha512-1qsIdbH74RgHAZ4foPjR4C7lDyMIXMb2sNVvRukXGU4nG+nouXAVze5vk0neQLL7B4Q/5GXYZqdtFQ2nWMkQw==, tarball: "https://registry.npmjs.org/@babel/plugin-transform-react-jsx/-/plugin-transform-react-jsx-7.26.7.tgz"}
    engines: {node: '>=6.9.0'}
    peerDependencies:
      '@babel/core': ^7.0.0-0
  '@babel/plugin-transform-typescript@7.26.7':
    resolution: {integrity: sha512-YKMv5MH5b2kIRuJqif4s+7NJEg2c2WjOa/cTFbPK9iNVmS5cLDB9HeQ2F3aTTHlZRMS5SNa6Xw5qX0T7YQwQ==, tarball: "https://registry.npmjs.org/@babel/plugin-transform-typescript/-/plugin-transform-typescript-7.26.7.tgz"}
    engines: {node: '>=6.9.0'}
    peerDependencies:
      '@babel/core': ^7.0.0-0
  '@babel/preset-typescript@7.26.7':
    resolution: {integrity: sha512-4gT6FlRla5NGedHNNlJadQL0VavoddyZc9HhpEzif8e7qwyyu/Mu2nqts3mJPrSV2tNXAMX77c03p5n7c5WNA==, tarball: "https://registry.npmjs.org/@babel/preset-typescript/-/preset-typescript-7.26.7.tgz"}
    engines: {node: '>=6.9.0'}
    peerDependencies:
      '@babel/core': ^7.0.0-0
  '@babel/template@7.26.7':
    resolution: {integrity: sha512-0bYteS5O1vfrlCVtH4wbCbC6H2IN64twMeB4hkvYp0HQiVeWwrvoK91x7H1OQWLbC5Qh2Q5OS7sdyNlVbMoA==, tarball: "https://registry.npmjs.org/@babel/template/-/template-7.26.7.tgz"}
    engines: {node: '>=6.9.0'}
  '@babel/traverse@7.26.7':
    resolution: {integrity: sha512-4KunpHLmR2AO2/U7VXXlduBX2d9Q3f7kwGsI3TaW5WvTHmp3g2hVburFPuuE7PtTafnDkP4k3M1GNDs9M0fow==, tarball: "https://registry.npmjs.org/@babel/traverse/-/traverse-7.26.7.tgz"}
    engines: {node: '>=6.9.0'}
  '@babel/types@7.26.7':
    resolution: {integrity: sha512-CmG4tMCOkFuahL8HNit2W2f2Q5R2vJq6uCXW5a5R+40MKeZ7+J0vKc5PcArM0kpb5Pkg==, tarball: "https://registry.npmjs.org/@babel/types/-/types-7.26.7.tgz"}
    engines: {node: '>=6.9.0'}
  '@cloudflare/kv-asset-handler@0.3.4':
    resolution: {integrity: sha512-YLPHc8yASwjNkmc4Q1gW+/Ol0gF0F6J0ibGkUSDjL2/aD7SLCUcBh4NzWupDJp4CDvy5a1sL5H4Ro/1J282Mg==, tarball: "https://registry.npmjs.org/@cloudflare/kv-asset-handler/-/kv-asset-handler-0.3.4.tgz"}
    engines: {node: '>=16.13'}
  '@cloudflare/workers-types@4.20250409.0':
    resolution: {integrity: sha512-6kHClarj0B0Z6tD9BEe3uP1C2+1WcUr4rA8Wv+mdS8pTFrlCZr9XDy5Tj7q0jLiQjewTNLXyhculb5taAplwQ==, tarball: "https://registry.npmjs.org/@cloudflare/workers-types/-/workers-types-4.20250409.0.tgz"}
  '@cspotcode/source-map-support@0.8.1':
    resolution: {integrity: sha512-IchNf6dN4tHoMFIn/7OE8LWZ19Y6q/67Bmf6vnGREv8RSbBVb9LPJxEcnwrcwX6ixSvaiGoomAUvu4YSxXrVgw==, tarball: "https://registry.npmjs.org/@cspotcode/source-map-support/-/source-map-support-0.8.1.tgz"}
    engines: {node: '>=12'}
  '@esbuild/aix-ppc64@0.21.5':
    resolution: {integrity: sha512-1SDgH6ZSPTlggy1yI6+Dbkiz8xzpHJEVAlFhaDJyBuQHjuWXHVDpWgmGHYTA26gHQ02OG60MVJhRRsdLfdZYg==, tarball: "https://registry.npmjs.org/@esbuild/aix-ppc64/-/aix-ppc64-0.21.5.tgz"}
    engines: {node: '>=12'}
    cpu: [ppc64]
    os: [aix]
  '@esbuild/android-arm64@0.21.5':
    resolution: {integrity: sha512-c0uX9VAUBQ7dTTCjq+w9OF3Krsojjm9vXaI5RzdJL58bUSmGBUvkmZ4U1eU2FEhSLExOXxGrsGaIhmLW6x3ew==, tarball: "https://registry.npmjs.org/@esbuild/android-arm64/-/android-arm64-0.21.5.tgz"}
    engines: {node: '>=12'}
    cpu: [arm64]
    os: [android]
  '@esbuild/android-arm@0.21.5':
    resolution: {integrity: sha512-UuBNhGsis3F4v9xU46R/wdzEA2NqE5M69TdTS9lQDEhE2kQNVHnqG4s1+g03n3vQqwDHg+zo3vV2NFpUtVzRQ==, tarball: "https://registry.npmjs.org/@esbuild/android-arm/-/android-arm-0.21.5.tgz"}
    engines: {node: '>=12'}
    cpu: [arm]
    os: [android]
  '@esbuild/android-x64@0.21.5':
    resolution: {integrity: sha512-D7aPRUUNHRBwHxzxRvp856rjUHRFW1SdQATKXH2hqA0kZZ2UNj8xt3hKSajJDqfiixWE3hSSvZ7uLh2kyWcA==, tarball: "https://registry.npmjs.org/@esbuild/android-x64/-/android-x64-0.21.5.tgz"}
    engines: {node: '>=12'}
    cpu: [x64]
    os: [android]
  '@esbuild/darwin-arm64@0.21.5':
    resolution: {integrity: sha512-DwqXqZyuk5AiWWf3UfLiRDJ5EDd49zg6O9wclZ7kUMv2WRFr4HKjXp/5t8JZ11QbQfUS6/cRCKGwYhtNAYmdg==, tarball: "https://registry.npmjs.org/@esbuild/darwin-arm64/-/darwin-arm64-0.21.5.tgz"}
    engines: {node: '>=12'}
    cpu: [arm64]
    os: [darwin]
  '@esbuild/darwin-x64@0.21.5':
    resolution: {integrity: sha512-se/JjF8NlmKVGYNRkb2Ed2loSgN7avGSJBXqkAKiUCB7n64N91lT931f6/yusx1T24i2yB+0W5KxG4XgIKPA==, tarball: "https://registry.npmjs.org/@esbuild/darwin-x64/-/darwin-x64-0.21.5.tgz"}
    engines: {node: '>=12'}
    cpu: [x64]
    os: [darwin]
  '@esbuild/freebsd-arm64@0.21.5':
    resolution: {integrity: sha512-5JcRxxRDUJLX8JXp/wcBCy3pENnCg6cG6g2vVHKhSHk7vfYxKgcNAl94Vt0 GipBB6y2LDhpaQ1gNVkYFMw==, tarball: "https://registry.npmjs.org/@esbuild/freebsd-arm64/-/freebsd-arm64-0.21.5.tgz"}
    engines: {node: '>=12'}
    cpu: [arm64]
    os: [freebsd]
  '@esbuild/freebsd-x64@0.21.5':
    resolution: {integrity: sha512-tQd/1efJuzPC6rCFwEvLtci/xNFcTZknmXs98FYDfGE4wP9ClFV98nyKrzJKVPMhdDnjzL2ITfH/m2S7LVCwA==, tarball: "https://registry.npmjs.org/@esbuild/freebsd-x64/-/freebsd-x64-0.21.5.tgz"}
    engines: {node: '>=12'}
    cpu: [x64]
    os: [freebsd]
  '@esbuild/linux-arm64@0.21.5':
    resolution: {integrity: sha512-o1N6TsYc8jNrIWFPUnfwAnwGycns5xtNvpHDaaK5K4pkgmlly/5a4L1FFj6w0yOKJob98k0G+8C6A42lH1gQ==, tarball: "https://registry.npmjs.org/@esbuild/linux-arm64/-/linux-arm64-0.21.5.tgz"}
    engines: {node: '>=12'}
    cpu: [arm64]
    os: [linux]
  '@esbuild/linux-arm@0.21.5':
    resolution: {integrity: sha512-UuBNhGsis3F4v9xU46R/wdzEA2NqE5M69TdTS9lQDEhE2kQNVHnqG4s1+g03n3vQqwDHg+zo3vV2NFpUtVzRQ==, tarball: "https://registry.npmjs.org/@esbuild/linux-arm/-/linux-arm-0.21.5.tgz"}
    engines: {node: '>=12'}
    cpu: [arm]
    os: [linux]
  '@esbuild/linux-ia32@0.21.5':
    resolution: {integrity: sha512-YvTAxJ2Y1LT9D77XeVdEyi0g+Tp3lK/Utsn5r89Uwybe3e/HH1FSj5hQ5P+svBhQriCZWAQ==, tarball: "https://registry.npmjs.org/@esbuild/linux-ia32/-/linux-ia32-0.21.5.tgz"}
    engines: {node: '>=12'}
    cpu: [ia32]
    os: [linux]
  '@esbuild/linux-loong64@0.21.5':
    resolution: {integrity: sha512-UuHf1BmMG8qEvzdrzAqg2SIG/02+4/DHB6a9Kbya0XDvwDEKCoC8ZWI5JJvNdUjtciBGFQ5PuBlpEOXQj+JQA==, tarball: "https://registry.npmjs.org/@esbuild/linux-loong64/-/linux-loong64-0.21.5.tgz"}
    engines: {node: '>=12'}
    cpu: [loong64]
    os: [linux]
  '@esbuild/linux-mips64el@0.21.5':
    resolution: {integrity: sha512-IajOmO+KJK23bj52dFSdj+vnpDCjfL5uQdTvOjH4SG2plaFNk0n+YcsP+r/1sypr9F+v9F0T3Xw==, tarball: "https://registry.npmjs.org/@esbuild/linux-mips64el/-/linux-mips64el-0.21.5.tgz"}
    engines: {node: '>=12'}
    cpu: [mips64el]
    os: [linux]
  '@esbuild/linux-ppc64@0.21.5':
    resolution: {integrity: sha512-1hHV/Z4sLku0+1eW3kMgBFboM2NJzCCv+6Q4R41rWo3b90AC6rL4e7siFiu7ufXbeC7I7vPke2SkrEIs3bG+NASg==, tarball: "https://registry.npmjs.org/@esbuild/linux-ppc64/-/linux-ppc64-0.21.5.tgz"}
    engines: {node: '>=12'}
    cpu: [ppc64]
    os: [linux]
  '@esbuild/linux-riscv64@0.21.5':
    resolution: {integrity: sha512-C0/8b7jB0nXMiPskOhQj1qbf4kZ5KPf+NXDM3UYqREZ5dmbH6rvWEr5OWhSrk9YVr4nlo1BaaHrLNYhBuh4wQ==, tarball: "https://registry.npmjs.org/@esbuild/linux-riscv64/-/linux-riscv64-0.21.5.tgz"}
    engines: {node: '>=12'}
    cpu: [riscv64]
    os: [linux]
  '@esbuild/linux-s390x@0.21.5':
    resolution: {integrity: sha512-sdLku0cL+1eW3kMgBFboM2NJzCCv+6Q4R41rWo3b90AC6rL4e7siFiu7ufXbeC7I7vPke2SkrEIs3bG+NASg==, tarball: "https://registry.npmjs.org/@esbuild/linux-s390x/-/linux-s390x-0.21.5.tgz"}
    engines: {node: '>=12'}
    cpu: [s390x]
    os: [linux]
  '@esbuild/linux-x64@0.21.5':
    resolution: {integrity: sha512-1rYdTpyv03iycF1+BhzrzQJCdOuAOtaqHTWJZCWcijKD2N5Xu0TtVC8/+1faWqcP9iBCWOmjmhoH94dH82BwA==, tarball: "https://registry.npmjs.org/@esbuild/linux-x64/-/linux-x64-0.21.5.tgz"}
    engines: {node: '>=12'}
    cpu: [x64]
    os: [linux]
  '@esbuild/netbsd-x64@0.21.5':
    resolution: {integrity: sha512-Woi2igz/+P7SSg4GCiQQMNCMoby4D7MbqGNavznsX3VAbAPcGVTS2riNo1yV1F0t7De/4Xde1xmtWghPvwqWg==, tarball: "https://registry.npmjs.org/@esbuild/netbsd-x64/-/netbsd-x64-0.21.5.tgz"}
    engines: {node: '>=12'}
    cpu: [x64]
    os: [netbsd]
  '@esbuild/openbsd-x64@0.21.5':
    resolution: {integrity: sha512-HLNNx0nPKK/j6BJF0bZ6tD9BEe3uP1C2+1WcUr4rA8Wv+mdS8pTFrlCZr9XDy5Tj7q0jLiQjewTNLXyhculb5taAplwQ==, tarball: "https://registry.npmjs.org/@esbuild/openbsd-x64/-/openbsd-x64-0.21.5.tgz"}
    engines: {node: '>=12'}
    cpu: [x64]
    os: [openbsd]
  '@esbuild/sunos-x64@0.21.5':
    resolution: {integrity: sha512-6+gjmFpfy0BHU5Tpptkuh8+uw3mnrvgs+dSPQXQOv3ekbordwnzTVEbE+BZUsOrP0tDMvMVOI3b6KMIrFjEwA==, tarball: "https://registry.npmjs.org/@esbuild/sunos-x64/-/sunos-x64-0.21.5.tgz"}
    engines: {node: '>=12'}
    cpu: [x64]
    os: [sunos]
  '@esbuild/win32-arm64@0.21.5':
    resolution: {integrity: sha512-Z0gOTd764VAMGu3U33Z8hyjfQUe89++sR4XhaJxxTwnk/qLO4+4iQdWk1wD/vJJ5y8Y1pJi2GWgNqyZaO4q1g==, tarball: "https://registry.npmjs.org/@esbuild/win32-arm64/-/win32-arm64-0.21.5.tgz"}
    engines: {node: '>=12'}
    cpu: [arm64]
    os: [win32]
  '@esbuild/win32-ia32@0.21.5':
    resolution: {integrity: sha512-SWXFF1CL2RVNMaVs+BBClwtfZSvDgtL//G/smwAc5oVK/UPu2Gu9tIaRgFmYFFKrmg3SyAjSrElf0TiJ1v8fQ==, tarball: "https://registry.npmjs.org/@esbuild/win32-ia32/-/win32-ia32-0.21.5.tgz"}
    engines: {node: '>=12'}
    cpu: [ia32]
    os: [win32]
  '@esbuild/win32-x64@0.21.5':
    resolution: {integrity: sha512-tQd/1efJuzPC6rCFwEvLtci/xNFcTZknmXs98FYDfGE4wP9ClFV98nyKrzJKVPMhdDnjzL2ITfH/m2S7LVCwA==, tarball: "https://registry.npmjs.org/@esbuild/win32-x64/-/win32-x64-0.21.5.tgz"}
    engines: {node: '>=12'}
    cpu: [x64]
    os: [win32]
  '@eslint-community/eslint-utils@4.4.0':
    resolution: {integrity: sha512-1/sA4dwrzBAyeUoQ6oxahHKmrZvsnLCg4RfxW3ZFGGmQkSNQPFNLV9CUEFQP1x9EYXHTo5p6xdhZM1Ne9p/AfA==, tarball: "https://registry.npmjs.org/@eslint-community/eslint-utils/-/eslint-utils-4.4.0.tgz"}
    engines: {node: '>=12'}
    peerDependencies:
      eslint: ^6.0.0 || ^7.0.0 || >=8.0.0
  '@eslint-community/regexpp@4.11.1':
    resolution: {integrity: sha512-m4DVN9ZqskZoLU5+ADIIqpgD+us3WuGG12X3zs6yLioSIyrUdCX9vWL2FU06YYp6CFX4OJ5p8qROty98PevKA==, tarball: "https://registry.npmjs.org/@eslint-community/regexpp/-/regexpp-4.11.1.tgz"}
    engines: {node: ^12.0.0 || ^14.0.0 || >=16.0.0}
  '@eslint/config-array@0.18.0':
    resolution: {integrity: sha512-fTxvnS1sRMu3+JjXwJG0j/i4RT9u4qJ+lqS/yCGap4lH4zZGzQ7tu+xZqQmcMZq5OBZDL4QRxQzRjkWcGt8uA==, tarball: "https://registry.npmjs.org/@eslint/config-array/-/config-array-0.18.0.tgz"}
    engines: {node: ^18.18.0 || ^20.9.0 || >=21.1.0}
  '@eslint/eslintrc@3.3.1':
    resolution: {integrity: sha512-kR/BjQJo2pEg2p2seLoPH6u8J7bV1MmI4n0mcQ5GG/2rTbKCaTaLThjCCdb0saA4fEVJCiG1r4TStk7E8qQ==, tarball: "https://registry.npmjs.org/@eslint/eslintrc/-/eslintrc-3.3.1.tgz"}
    engines: {node: ^18.18.0 || ^20.9.0 || >=21.1.0}
  '@eslint/js@9.24.0':
    resolution: {integrity: sha512-XG6DRGsFi1enp1F2eZ9P7k1S9P1H77p2UcOs/1dsP4LLoWoA1VA72Yc/7Ts1K7G8XO1CaQ+S6x4+qL9jE2G4X2J8Q0w==, tarball: "https://registry.npmjs.org/@eslint/js/-/js-9.24.0.tgz"}
    engines: {node: ^18.18.0 || ^20.9.0 || >=21.1.0}
  '@eslint/object-schema@2.1.4':
    resolution: {integrity: sha512-BsWiH1yFGjXXS2yvrf5LyuoSIIbPrGUWob917o+BTKuZ7qJdxX8aJLRxs1fS9n6r7vESrq1OUqb68dANcFXuA==, tarball: "https://registry.npmjs.org/@eslint/object-schema/-/object-schema-2.1.4.tgz"}
    engines: {node: ^18.18.0 || ^20.9.0 || >=21.1.0}
  '@fastify/accept-negotiator@1.1.0':
    resolution: {integrity: sha512-OI+qPxL60Vhk0OpkZujNLLN6Un8V0Tk8qDtaHSHsLNSjbvZeTyTyPoAL5d4Z1Wyx2Y5HgL3Wq6B5bUdT3VaBA==, tarball: "https://registry.npmjs.org/@fastify/accept-negotiator/-/accept-negotiator-1.1.0.tgz"}
    engines: {node: '>=10'}
  '@fastify/busboy@2.1.1':
    resolution: {integrity: sha512-vBZP4NlzfOlerQTnba4aqZoMhE/a9HYHRqoOPaETQcSQuWEIyZMHGfVu6w9wGtGK5fED5qRs2PlzOxZrQ0ndQ==, tarball: "https://registry.npmjs.org/@fastify/busboy/-/busboy-2.1.1.tgz"}
  '@hookform/resolvers@3.10.0':
    resolution: {integrity: sha512-8sF+4DeF8+6Wn9r0Gf6/5qK0lQ4KX8nJ8w6Q1X+4jP7Q2qS5t8dWdN6XJq3uU3pL0g8X1F1+2l0u4s1H2v4YA==, tarball: "https://registry.npmjs.org/@hookform/resolvers/-/resolvers-3.10.0.tgz"}
    peerDependencies:
      react-hook-form: ^7.0.0
  '@humanwhocodes/config-array@0.11.14':
    resolution: {integrity: sha512-3T8LkOmg45BV5FICb15QQMsyUSWrQ8AygVfC7ZG32zOalnqrilm018ZVCw0eapXux8FtA33q8PSRSstjee3jSg==, tarball: "https://registry.npmjs.org/@humanwhocodes/config-array/-/config-array-0.11.14.tgz"}
    engines: {node: '>=10.10.0'}
  '@humanwhocodes/module-importer@1.0.1':
    resolution: {integrity: sha512-bxveV4V8v5Yb4ncFTT3rPSgZBOpCkjfK0y4oVVVJwIuDVBRMDXrPyXRL988i5ap9m9bnyEEjWfm5WkBmtffLfA==, tarball: "https://registry.npmjs.org/@humanwhocodes/module-importer/-/module-importer-1.0.1.tgz"}
    engines: {node: '>=12.22'}
  '@humanwhocodes/object-schema@2.0.3':
    resolution: {integrity: sha512-93zYdMES/c1D69yZiKDBjQ/QcGTYqhLdwyqZOS9HJj+7jsubmit, tarball: "https://registry.npmjs.org/@humanwhocodes/object-schema/-/object-schema-2.0.3.tgz"}
    engines: {node: '>=0.10.0'}
  '@jridgewell/gen-mapping@0.3.5':
    resolution: {integrity: sha512-IzL8ZoEDIBRWEzlCcRhOaCupYyN5gdIK+Q6fbFdPDg6HqX6jpkItn7DFIpW9LQzXG6Df9sA7+OKnq0qlz/GaQg==, tarball: "https://registry.npmjs.org/@jridgewell/gen-mapping/-/gen-mapping-0.3.5.tgz"}
    engines: {node: '>=6.0.0'}
  '@jridgewell/resolve-uri@3.1.2':
    resolution: {integrity: sha512-bRISgCIjP20/tbWSPWMEi54QVPRZExkuD9lJL+UIxUKtwVJA8wW1Trb1jMs1RFXo1CBTNZ/5hpC9QvmKWdopKw==, tarball: "https://registry.npmjs.org/@jridgewell/resolve-uri/-/resolve-uri-3.1.2.tgz"}
    engines: {node: '>=6.0.0'}
  '@jridgewell/set-array@1.2.1':
    resolution: {integrity: sha512-R8gLRTZeyp03ymzP/6Lil/28tGeGEzhx1q2k703KGWRAI1VdvPIXdG70VJc2pAMw3NA6JKL5hhFu1sJX0Mnn/A==, tarball: "https://registry.npmjs.org/@jridgewell/set-array/-/set-array-1.2.1.tgz"}
    engines: {node: '>=6.0.0'}
  '@jridgewell/sourcemap-codec@1.5.0':
    resolution: {integrity: sha512-1pJDI9oP4l5L5r7bG9b3TVS7TkF/6nWgbO62lZ1+4rwU==, tarball: "https://registry.npmjs.org/@jridgewell/sourcemap-codec/-/sourcemap-codec-1.5.0.tgz"}
  '@jridgewell/trace-mapping@0.3.25':
    resolution: {integrity: sha512-vNk6aEwybGtawWmy/PzwnGDOjCkLWSD2wqvjGGAgOAwCGWySYXfYoxt00IJkTF+8Lb57DwOb3Aa0o9CApepiYQ==, tarball: "https://registry.npmjs.org/@jridgewell/trace-mapping/-/trace-mapping-0.3.25.tgz"}
  '@next/env@15.1.4':
    resolution: {integrity: sha512-tU+bK0jX3q/Pq0G3WJa8Teg+oy5WqS9G2sB+TSZ4l0v2qpx3+4w2tT5ySWmc3E2bZbr2F7vI8S2F7T+A8yaaA==, tarball: "https://registry.npmjs.org/@next/env/-/env-15.1.4.tgz"}
  '@next/eslint-plugin-next@15.1.4':
    resolution: {integrity: sha512-2e9t2dz6q9x4Cto7m3iY2Y7A4j1K0fZNg5+EeQfZ0wL2t2x3j4zX7yQ5y9+8+9f3m9gG5+3x0NgeuEVX0vX3w==, tarball: "https://registry.npmjs.org/@next/eslint-plugin-next/-/eslint-plugin-next-15.1.4.tgz"}
    peerDependencies:
      eslint: ^8.57.0 || ^9.0.0
  '@next/swc-darwin-arm64@15.1.4':
    resolution: {integrity: sha512-Vm5bY+2+Ta0IZu7/SF9fR3QMC0K2OFc0w/Uk/1wE8dd1bKiyU6wU7w6DP6X0L9TM5zfrJ6g+5EoxwQVoY5vng==, tarball: "https://registry.npmjs.org/@next/swc-darwin-arm64/-/swc-darwin-arm64-15.1.4.tgz"}
    engines: {node: '>= 16'}
    cpu: [arm64]
    os: [darwin]
  '@next/swc-darwin-x64@15.1.4':
    resolution: {integrity: sha512-8j2X+wgD8r6Q/1p8XbWmkx8a2dT4kS9+mz8l6v4uI7bA+2f2ejMtqN9o5w8Ex0X5bQrW7eUqH2q0w6+88b12A==, tarball: "https://registry.npmjs.org/@next/swc-darwin-x64/-/swc-darwin-x64-15.1.4.tgz"}
    engines: {node: '>= 16'}
    cpu: [x64]
    os: [darwin]
  '@next/swc-linux-arm64-gnu@15.1.4':
    resolution: {integrity: sha512-5lH8w3d/OFrfCpyD+P3wYqyA3W5l+2+iX8btt5zR8bhf9f5/W1qypbQe2u6sSA6BPHpPX/7vL2dZ9LVq9y3rg==, tarball: "https://registry.npmjs.org/@next/swc-linux-arm64-gnu/-/swc-linux-arm64-gnu-15.1.4.tgz"}
    engines: {node: '>= 16'}
    cpu: [arm64]
    os: [linux]
  '@next/swc-linux-arm64-musl@15.1.4':
    resolution: {integrity: sha512-5Iq8nWF0qK+NlL6O8jY9y5oNR+Wx9Zjg6nA4ex8d7u1+1/4uL4vN0/F7wQ+Be+eXbO/9pOExg3pL+4zQIMKwA==, tarball: "https://registry.npmjs.org/@next/swc-linux-arm64-musl/-/swc-linux-arm64-musl-15.1.4.tgz"}
    engines: {node: '>= 16'}
    cpu: [arm64]
    os: [linux]
  '@next/swc-linux-x64-gnu@15.1.4':
    resolution: {integrity: sha512-4B+7D2vQUz6e0H+8mG7eKz3QJ5p2m8b7u6jXBH9pK17hXJGbYfL5GfQ+2n48+6j8/8e5h2Da5e2Dq+7X2x8yw==, tarball: "https://registry.npmjs.org/@next/swc-linux-x64-gnu/-/swc-linux-x64-gnu-15.1.4.tgz"}
    engines: {node: '>= 16'}
    cpu: [x64]
    os: [linux]
  '@next/swc-linux-x64-musl@15.1.4':
    resolution: {integrity: sha512-8jG0u6l8Zy5o22Hcy7V6NkY0vD3oKX9Vjv+5q3m2q+QGN0q3qCpXg0z3I1Q0q0J+0kBPIe8T8weo9K0wWCrqWA==, tarball: "https://registry.npmjs.org/@next/swc-linux-x64-musl/-/swc-linux-x64-musl-15.1.4.tgz"}
    engines: {node: '>= 16'}
    cpu: [x64]
    os: [linux]
  '@next/swc-win32-arm64-msvc@15.1.4':
    resolution: {integrity: sha512-6i2j5L1e5fqiqe6fLzvH4X8QwDeSf+er2F1bjdjJdxYQ5e/YjQe3aB7Q7uK0xp4lX+0k5k0gX+nYx0W9oYtwBg==, tarball: "https://registry.npmjs.org/@next/swc-win32-arm64-msvc/-/swc-win32-arm64-msvc-15.1.4.tgz"}
    engines: {node: '>= 16'}
    cpu: [arm64]
    os: [win32]
  '@next/swc-win32-ia32-msvc@15.1.4':
    resolution: {integrity: sha512-rR5teODvT2r2yqE0mUw8v0XAh+3wI6dJjY6Y7mX4o5Q7/BqK8WrYf3w1R2/3vyq2O1yZ1Qv+5uD7QWx2D5WzwA==, tarball: "https://registry.npmjs.org/@next/swc-win32-ia32-msvc/-/swc-win32-ia32-msvc-15.1.4.tgz"}
    engines: {node: '>= 16'}
    cpu: [ia32]
    os: [win32]
  '@next/swc-win32-x64-msvc@15.1.4':
    resolution: {integrity: sha512-Zk2XjYpk5JYNh2asPZu7p8iP2kB8UI5YX7W9m3s6+ek7i4I/4gS+7I5s2u+yoS0WEyK4pP2u8wG2IuL8n2Q+w==, tarball: "https://registry.npmjs.org/@next/swc-win32-x64-msvc/-/swc-win32-x64-msvc-15.1.4.tgz"}
    engines: {node: '>= 16'}
    cpu: [x64]
    os: [win32]
  '@nodelib/fs.scandir@2.1.5':
    resolution: {integrity: sha512-vq24Bq3ym5HEQm2NKCr3yXDwjc7vTsEThRDnkp2DK9p1uqLR+DHurm/NOTo0KG7HYHU7eppKZj3MyqYuMBf7QQ==, tarball: "https://registry.npmjs.org/@nodelib/fs.scandir/-/fs.scandir-2.1.5.tgz"}
    engines: {node: '>= 8'}
  '@nodelib/fs.stat@2.0.5':
    resolution: {integrity: sha512-RkhPPp2zrqDAQA/2jNhnztcPAlv64XdhIp7a7454A5ovI7Bukxgt7MX7udwAu3zg1DcpPU0rz3VV1SeaqvY4+A==, tarball: "https://registry.npmjs.org/@nodelib/fs.stat/-/fs.stat-2.0.5.tgz"}
    engines: {node: '>= 8'}
  '@nodelib/fs.walk@1.2.8':
    resolution: {integrity: sha512-oGB+UxlgWcgQkgwo8GcEGwemoTFt3FIO9ababBmaGwXIoBKZ+GTy0pP185beGg7Llih/NSHSV2XAs1lnznocSg==, tarball: "https://registry.npmjs.org/@nodelib/fs.walk/-/fs.walk-1.2.8.tgz"}
    engines: {node: '>= 8'}
  '@opennextjs/cloudflare@0.3.10':
    resolution: {integrity: sha512-3X6L0kJ2Y5nX7jG4eV3qIuX3pX5n5u9mM8p5M3Y7K2gB+3Q3Q+9R3u3aX6z4u7v2j+8zXjC7nC0vQ8O3FzJ+Q==, tarball: "https://registry.npmjs.org/@opennextjs/cloudflare/-/cloudflare-0.3.10.tgz"}
    engines: {node: '>=18.0.0'}
    peerDependencies:
      next: ^14.0.0 || ^15.0.0
      react: ^18.0.0
      typescript: ^5.0.0
      wrangler: ^3.0.0
  '@pkgjs/parseargs@0.11.0':
    resolution: {integrity: sha512-+1VkjdD0QBLPodGrJUeqarH8VAIvQODIbwh9XpP5Syisf7YoQgsJKPNFoqqLQlu+VQ/tVSshMR6loPMn8U+dPg==, tarball: "https://registry.npmjs.org/@pkgjs/parseargs/-/parseargs-0.11.0.tgz"}
    engines: {node: '>=14'}
  '@prisma/client@6.7.0':
    resolution: {integrity: sha512-e2W5L0O0f7L1G8
